PODS:
  - cheban_camera (0.0.1):
    - Flutter
  - Flutter (1.0.0)

DEPENDENCIES:
  - cheban_camera (from `.symlinks/plugins/cheban_camera/ios`)
  - Flutter (from `Flutter`)

EXTERNAL SOURCES:
  cheban_camera:
    :path: ".symlinks/plugins/cheban_camera/ios"
  Flutter:
    :path: Flutter

SPEC CHECKSUMS:
  cheban_camera: 10a6603219434bcb08e820245fa4ca306a5931ac
  Flutter: f04841e97a9d0b0a8025694d0796dd46242b2854

PODFILE CHECKSUM: ef19549a9bc3046e7bb7d2fab4d021637c0c58a3

COCOAPODS: 1.11.2
